// !$*UTF8*$!
{
	archiveVersion = 1;
	classes = {
	};
	objectVersion = 50;
	objects = {

/* Begin PBXBuildFile section */
		0685456722509D58003573C2 /* ConfirmOrderAlertController.swift in Sources */ = {isa = PBXBuildFile; fileRef = 0685456622509D58003573C2 /* ConfirmOrderAlertController.swift */; };
		0685456922509DDD003573C2 /* LeftTitledAlertController.swift in Sources */ = {isa = PBXBuildFile; fileRef = 0685456822509DDD003573C2 /* LeftTitledAlertController.swift */; };
		06AEE2852250792F008050AF /* AppDelegate.swift in Sources */ = {isa = PBXBuildFile; fileRef = 06AEE2842250792F008050AF /* AppDelegate.swift */; };
		06AEE2872250792F008050AF /* ViewController.swift in Sources */ = {isa = PBXBuildFile; fileRef = 06AEE2862250792F008050AF /* ViewController.swift */; };
		06AEE28A2250792F008050AF /* Main.storyboard in Resources */ = {isa = PBXBuildFile; fileRef = 06AEE2882250792F008050AF /* Main.storyboard */; };
		06AEE28C22507930008050AF /* Assets.xcassets in Resources */ = {isa = PBXBuildFile; fileRef = 06AEE28B22507930008050AF /* Assets.xcassets */; };
		06AEE28F22507930008050AF /* LaunchScreen.storyboard in Resources */ = {isa = PBXBuildFile; fileRef = 06AEE28D22507930008050AF /* LaunchScreen.storyboard */; };
		06AEE29722507941008050AF /* BottomAlertController.swift in Sources */ = {isa = PBXBuildFile; fileRef = 06AEE29622507941008050AF /* BottomAlertController.swift */; };
		06D236DC2256E70900BB2736 /* TwoButtonAlertController.swift in Sources */ = {isa = PBXBuildFile; fileRef = 06D236DB2256E70900BB2736 /* TwoButtonAlertController.swift */; };
		C19E97A7657F6B7DA3E39420 /* Pods_BottomAlert.framework in Frameworks */ = {isa = PBXBuildFile; fileRef = 968341644F7FCE64C293AA9F /* Pods_BottomAlert.framework */; };
/* End PBXBuildFile section */

/* Begin PBXFileReference section */
		0685456622509D58003573C2 /* ConfirmOrderAlertController.swift */ = {isa = PBXFileReference; lastKnownFileType = sourcecode.swift; path = ConfirmOrderAlertController.swift; sourceTree = "<group>"; };
		0685456822509DDD003573C2 /* LeftTitledAlertController.swift */ = {isa = PBXFileReference; lastKnownFileType = sourcecode.swift; path = LeftTitledAlertController.swift; sourceTree = "<group>"; };
		06AEE2812250792F008050AF /* BottomAlert.app */ = {isa = PBXFileReference; explicitFileType = wrapper.application; includeInIndex = 0; path = BottomAlert.app; sourceTree = BUILT_PRODUCTS_DIR; };
		06AEE2842250792F008050AF /* AppDelegate.swift */ = {isa = PBXFileReference; lastKnownFileType = sourcecode.swift; path = AppDelegate.swift; sourceTree = "<group>"; };
		06AEE2862250792F008050AF /* ViewController.swift */ = {isa = PBXFileReference; lastKnownFileType = sourcecode.swift; path = ViewController.swift; sourceTree = "<group>"; };
		06AEE2892250792F008050AF /* Base */ = {isa = PBXFileReference; lastKnownFileType = file.storyboard; name = Base; path = Base.lproj/Main.storyboard; sourceTree = "<group>"; };
		06AEE28B22507930008050AF /* Assets.xcassets */ = {isa = PBXFileReference; lastKnownFileType = folder.assetcatalog; path = Assets.xcassets; sourceTree = "<group>"; };
		06AEE28E22507930008050AF /* Base */ = {isa = PBXFileReference; lastKnownFileType = file.storyboard; name = Base; path = Base.lproj/LaunchScreen.storyboard; sourceTree = "<group>"; };
		06AEE29022507930008050AF /* Info.plist */ = {isa = PBXFileReference; lastKnownFileType = text.plist.xml; path = Info.plist; sourceTree = "<group>"; };
		06AEE29622507941008050AF /* BottomAlertController.swift */ = {isa = PBXFileReference; lastKnownFileType = sourcecode.swift; path = BottomAlertController.swift; sourceTree = "<group>"; };
		06D236DB2256E70900BB2736 /* TwoButtonAlertController.swift */ = {isa = PBXFileReference; lastKnownFileType = sourcecode.swift; path = TwoButtonAlertController.swift; sourceTree = "<group>"; };
		06FB7E9722518004007AD6EC /* Podfile */ = {isa = PBXFileReference; lastKnownFileType = text; path = Podfile; sourceTree = SOURCE_ROOT; xcLanguageSpecificationIdentifier = xcode.lang.ruby; };
		0F663C89F0340BD31399C096 /* Pods-BottomAlert.release.xcconfig */ = {isa = PBXFileReference; includeInIndex = 1; lastKnownFileType = text.xcconfig; name = "Pods-BottomAlert.release.xcconfig"; path = "Pods/Target Support Files/Pods-BottomAlert/Pods-BottomAlert.release.xcconfig"; sourceTree = "<group>"; };
		968341644F7FCE64C293AA9F /* Pods_BottomAlert.framework */ = {isa = PBXFileReference; explicitFileType = wrapper.framework; includeInIndex = 0; path = Pods_BottomAlert.framework; sourceTree = BUILT_PRODUCTS_DIR; };
		BD81FC050E069E787B08B552 /* Pods-BottomAlert.debug.xcconfig */ = {isa = PBXFileReference; includeInIndex = 1; lastKnownFileType = text.xcconfig; name = "Pods-BottomAlert.debug.xcconfig"; path = "Pods/Target Support Files/Pods-BottomAlert/Pods-BottomAlert.debug.xcconfig"; sourceTree = "<group>"; };
/* End PBXFileReference section */

/* Begin PBXFrameworksBuildPhase section */
		06AEE27E2250792F008050AF /* Frameworks */ = {
			isa = PBXFrameworksBuildPhase;
			buildActionMask = 2147483647;
			files = (
				C19E97A7657F6B7DA3E39420 /* Pods_BottomAlert.framework in Frameworks */,
			);
			runOnlyForDeploymentPostprocessing = 0;
		};
/* End PBXFrameworksBuildPhase section */

/* Begin PBXGroup section */
		06AEE2782250792F008050AF = {
			isa = PBXGroup;
			children = (
				06AEE2832250792F008050AF /* BottomAlert */,
				06AEE2822250792F008050AF /* Products */,
				E6090D423FFFB63F01C99498 /* Pods */,
				A24657A234BC55BFFA578520 /* Frameworks */,
			);
			sourceTree = "<group>";
		};
		06AEE2822250792F008050AF /* Products */ = {
			isa = PBXGroup;
			children = (
				06AEE2812250792F008050AF /* BottomAlert.app */,
			);
			name = Products;
			sourceTree = "<group>";
		};
		06AEE2832250792F008050AF /* BottomAlert */ = {
			isa = PBXGroup;
			children = (
				06AEE2842250792F008050AF /* AppDelegate.swift */,
				06AEE2862250792F008050AF /* ViewController.swift */,
				06D236DB2256E70900BB2736 /* TwoButtonAlertController.swift */,
				0685456622509D58003573C2 /* ConfirmOrderAlertController.swift */,
				0685456822509DDD003573C2 /* LeftTitledAlertController.swift */,
				06AEE29622507941008050AF /* BottomAlertController.swift */,
				06AEE2882250792F008050AF /* Main.storyboard */,
				06AEE28B22507930008050AF /* Assets.xcassets */,
				06AEE28D22507930008050AF /* LaunchScreen.storyboard */,
				06AEE29022507930008050AF /* Info.plist */,
				06FB7E9722518004007AD6EC /* Podfile */,
			);
			path = BottomAlert;
			sourceTree = "<group>";
		};
		A24657A234BC55BFFA578520 /* Frameworks */ = {
			isa = PBXGroup;
			children = (
				968341644F7FCE64C293AA9F /* Pods_BottomAlert.framework */,
			);
			name = Frameworks;
			sourceTree = "<group>";
		};
		E6090D423FFFB63F01C99498 /* Pods */ = {
			isa = PBXGroup;
			children = (
				BD81FC050E069E787B08B552 /* Pods-BottomAlert.debug.xcconfig */,
				0F663C89F0340BD31399C096 /* Pods-BottomAlert.release.xcconfig */,
			);
			name = Pods;
			sourceTree = "<group>";
		};
/* End PBXGroup section */

/* Begin PBXNativeTarget section */
		06AEE2802250792F008050AF /* BottomAlert */ = {
			isa = PBXNativeTarget;
			buildConfigurationList = 06AEE29322507930008050AF /* Build configuration list for PBXNativeTarget "BottomAlert" */;
			buildPhases = (
				3F0B19FF2D0D85028771D16F /* [CP] Check Pods Manifest.lock */,
				06AEE27D2250792F008050AF /* Sources */,
				06AEE27E2250792F008050AF /* Frameworks */,
				06AEE27F2250792F008050AF /* Resources */,
				8E225DDFDA24569A0022AB91 /* [CP] Embed Pods Frameworks */,
			);
			buildRules = (
			);
			dependencies = (
			);
			name = BottomAlert;
			productName = BottomAlert;
			productReference = 06AEE2812250792F008050AF /* BottomAlert.app */;
			productType = "com.apple.product-type.application";
		};
/* End PBXNativeTarget section */

/* Begin PBXProject section */
		06AEE2792250792F008050AF /* Project object */ = {
			isa = PBXProject;
			attributes = {
				LastSwiftUpdateCheck = 1020;
				LastUpgradeCheck = 1020;
				ORGANIZATIONNAME = "Daniel Vebman";
				TargetAttributes = {
					06AEE2802250792F008050AF = {
						CreatedOnToolsVersion = 10.2;
					};
				};
			};
			buildConfigurationList = 06AEE27C2250792F008050AF /* Build configuration list for PBXProject "BottomAlert" */;
			compatibilityVersion = "Xcode 9.3";
			developmentRegion = en;
			hasScannedForEncodings = 0;
			knownRegions = (
				en,
				Base,
			);
			mainGroup = 06AEE2782250792F008050AF;
			productRefGroup = 06AEE2822250792F008050AF /* Products */;
			projectDirPath = "";
			projectRoot = "";
			targets = (
				06AEE2802250792F008050AF /* BottomAlert */,
			);
		};
/* End PBXProject section */

/* Begin PBXResourcesBuildPhase section */
		06AEE27F2250792F008050AF /* Resources */ = {
			isa = PBXResourcesBuildPhase;
			buildActionMask = 2147483647;
			files = (
				06AEE28F22507930008050AF /* LaunchScreen.storyboard in Resources */,
				06AEE28C22507930008050AF /* Assets.xcassets in Resources */,
				06AEE28A2250792F008050AF /* Main.storyboard in Resources */,
			);
			runOnlyForDeploymentPostprocessing = 0;
		};
/* End PBXResourcesBuildPhase section */

/* Begin PBXShellScriptBuildPhase section */
		3F0B19FF2D0D85028771D16F /* [CP] Check Pods Manifest.lock */ = {
			isa = PBXShellScriptBuildPhase;
			buildActionMask = 2147483647;
			files = (
			);
			inputPaths = (
				"${PODS_PODFILE_DIR_PATH}/Podfile.lock",
				"${PODS_ROOT}/Manifest.lock",
			);
			name = "[CP] Check Pods Manifest.lock";
			outputPaths = (
				"$(DERIVED_FILE_DIR)/Pods-BottomAlert-checkManifestLockResult.txt",
			);
			runOnlyForDeploymentPostprocessing = 0;
			shellPath = /bin/sh;
			shellScript = "diff \"${PODS_PODFILE_DIR_PATH}/Podfile.lock\" \"${PODS_ROOT}/Manifest.lock\" > /dev/null\nif [ $? != 0 ] ; then\n    # print error to STDERR\n    echo \"error: The sandbox is not in sync with the Podfile.lock. Run 'pod install' or update your CocoaPods installation.\" >&2\n    exit 1\nfi\n# This output is used by Xcode 'outputs' to avoid re-running this script phase.\necho \"SUCCESS\" > \"${SCRIPT_OUTPUT_FILE_0}\"\n";
			showEnvVarsInLog = 0;
		};
		8E225DDFDA24569A0022AB91 /* [CP] Embed Pods Frameworks */ = {
			isa = PBXShellScriptBuildPhase;
			buildActionMask = 2147483647;
			files = (
			);
			inputPaths = (
				"${SRCROOT}/Pods/Target Support Files/Pods-BottomAlert/Pods-BottomAlert-frameworks.sh",
				"${BUILT_PRODUCTS_DIR}/AutoCompleteTextField/AutoCompleteTextField.framework",
			);
			name = "[CP] Embed Pods Frameworks";
			outputPaths = (
				"${TARGET_BUILD_DIR}/${FRAMEWORKS_FOLDER_PATH}/AutoCompleteTextField.framework",
			);
			runOnlyForDeploymentPostprocessing = 0;
			shellPath = /bin/sh;
			shellScript = "\"${SRCROOT}/Pods/Target Support Files/Pods-BottomAlert/Pods-BottomAlert-frameworks.sh\"\n";
			showEnvVarsInLog = 0;
		};
/* End PBXShellScriptBuildPhase section */

/* Begin PBXSourcesBuildPhase section */
		06AEE27D2250792F008050AF /* Sources */ = {
			isa = PBXSourcesBuildPhase;
			buildActionMask = 2147483647;
			files = (
				0685456922509DDD003573C2 /* LeftTitledAlertController.swift in Sources */,
				06AEE2872250792F008050AF /* ViewController.swift in Sources */,
				06AEE2852250792F008050AF /* AppDelegate.swift in Sources */,
				06D236DC2256E70900BB2736 /* TwoButtonAlertController.swift in Sources */,
				0685456722509D58003573C2 /* ConfirmOrderAlertController.swift in Sources */,
				06AEE29722507941008050AF /* BottomAlertController.swift in Sources */,
			);
			runOnlyForDeploymentPostprocessing = 0;
		};
/* End PBXSourcesBuildPhase section */

/* Begin PBXVariantGroup section */
		06AEE2882250792F008050AF /* Main.storyboard */ = {
			isa = PBXVariantGroup;
			children = (
				06AEE2892250792F008050AF /* Base */,
			);
			name = Main.storyboard;
			sourceTree = "<group>";
		};
		06AEE28D22507930008050AF /* LaunchScreen.storyboard */ = {
			isa = PBXVariantGroup;
			children = (
				06AEE28E22507930008050AF /* Base */,
			);
			name = LaunchScreen.storyboard;
			sourceTree = "<group>";
		};
/* End PBXVariantGroup section */

/* Begin XCBuildConfiguration section */
		06AEE29122507930008050AF /* Debug */ = {
			isa = XCBuildConfiguration;
			buildSettings = {
				ALWAYS_SEARCH_USER_PATHS = NO;
				CLANG_ANALYZER_NONNULL = YES;
				CLANG_ANALYZER_NUMBER_OBJECT_CONVERSION = YES_AGGRESSIVE;
				CLANG_CXX_LANGUAGE_STANDARD = "gnu++14";
				CLANG_CXX_LIBRARY = "libc++";
				CLANG_ENABLE_MODULES = YES;
				CLANG_ENABLE_OBJC_ARC = YES;
				CLANG_ENABLE_OBJC_WEAK = YES;
				CLANG_WARN_BLOCK_CAPTURE_AUTORELEASING = YES;
				CLANG_WARN_BOOL_CONVERSION = YES;
				CLANG_WARN_COMMA = YES;
				CLANG_WARN_CONSTANT_CONVERSION = YES;
				CLANG_WARN_DEPRECATED_OBJC_IMPLEMENTATIONS = YES;
				CLANG_WARN_DIRECT_OBJC_ISA_USAGE = YES_ERROR;
				CLANG_WARN_DOCUMENTATION_COMMENTS = YES;
				CLANG_WARN_EMPTY_BODY = YES;
				CLANG_WARN_ENUM_CONVERSION = YES;
				CLANG_WARN_INFINITE_RECURSION = YES;
				CLANG_WARN_INT_CONVERSION = YES;
				CLANG_WARN_NON_LITERAL_NULL_CONVERSION = YES;
				CLANG_WARN_OBJC_IMPLICIT_RETAIN_SELF = YES;
				CLANG_WARN_OBJC_LITERAL_CONVERSION = YES;
				CLANG_WARN_OBJC_ROOT_CLASS = YES_ERROR;
				CLANG_WARN_RANGE_LOOP_ANALYSIS = YES;
				CLANG_WARN_STRICT_PROTOTYPES = YES;
				CLANG_WARN_SUSPICIOUS_MOVE = YES;
				CLANG_WARN_UNGUARDED_AVAILABILITY = YES_AGGRESSIVE;
				CLANG_WARN_UNREACHABLE_CODE = YES;
				CLANG_WARN__DUPLICATE_METHOD_MATCH = YES;
				CODE_SIGN_IDENTITY = "iPhone Developer";
				COPY_PHASE_STRIP = NO;
				DEBUG_INFORMATION_FORMAT = dwarf;
				ENABLE_STRICT_OBJC_MSGSEND = YES;
				ENABLE_TESTABILITY = YES;
				GCC_C_LANGUAGE_STANDARD = gnu11;
				GCC_DYNAMIC_NO_PIC = NO;
				GCC_NO_COMMON_BLOCKS = YES;
				GCC_OPTIMIZATION_LEVEL = 0;
				GCC_PREPROCESSOR_DEFINITIONS = (
					"DEBUG=1",
					"$(inherited)",
				);
				GCC_WARN_64_TO_32_BIT_CONVERSION = YES;
				GCC_WARN_ABOUT_RETURN_TYPE = YES_ERROR;
				GCC_WARN_UNDECLARED_SELECTOR = YES;
				GCC_WARN_UNINITIALIZED_AUTOS = YES_AGGRESSIVE;
				GCC_WARN_UNUSED_FUNCTION = YES;
				GCC_WARN_UNUSED_VARIABLE = YES;
				IPHONEOS_DEPLOYMENT_TARGET = 12.2;
				MTL_ENABLE_DEBUG_INFO = INCLUDE_SOURCE;
				MTL_FAST_MATH = YES;
				ONLY_ACTIVE_ARCH = YES;
				SDKROOT = iphoneos;
				SWIFT_ACTIVE_COMPILATION_CONDITIONS = DEBUG;
				SWIFT_OPTIMIZATION_LEVEL = "-Onone";
			};
			name = Debug;
		};
		06AEE29222507930008050AF /* Release */ = {
			isa = XCBuildConfiguration;
			buildSettings = {
				ALWAYS_SEARCH_USER_PATHS = NO;
				CLANG_ANALYZER_NONNULL = YES;
				CLANG_ANALYZER_NUMBER_OBJECT_CONVERSION = YES_AGGRESSIVE;
				CLANG_CXX_LANGUAGE_STANDARD = "gnu++14";
				CLANG_CXX_LIBRARY = "libc++";
				CLANG_ENABLE_MODULES = YES;
				CLANG_ENABLE_OBJC_ARC = YES;
				CLANG_ENABLE_OBJC_WEAK = YES;
				CLANG_WARN_BLOCK_CAPTURE_AUTORELEASING = YES;
				CLANG_WARN_BOOL_CONVERSION = YES;
				CLANG_WARN_COMMA = YES;
				CLANG_WARN_CONSTANT_CONVERSION = YES;
				CLANG_WARN_DEPRECATED_OBJC_IMPLEMENTATIONS = YES;
				CLANG_WARN_DIRECT_OBJC_ISA_USAGE = YES_ERROR;
				CLANG_WARN_DOCUMENTATION_COMMENTS = YES;
				CLANG_WARN_EMPTY_BODY = YES;
				CLANG_WARN_ENUM_CONVERSION = YES;
				CLANG_WARN_INFINITE_RECURSION = YES;
				CLANG_WARN_INT_CONVERSION = YES;
				CLANG_WARN_NON_LITERAL_NULL_CONVERSION = YES;
				CLANG_WARN_OBJC_IMPLICIT_RETAIN_SELF = YES;
				CLANG_WARN_OBJC_LITERAL_CONVERSION = YES;
				CLANG_WARN_OBJC_ROOT_CLASS = YES_ERROR;
				CLANG_WARN_RANGE_LOOP_ANALYSIS = YES;
				CLANG_WARN_STRICT_PROTOTYPES = YES;
				CLANG_WARN_SUSPICIOUS_MOVE = YES;
				CLANG_WARN_UNGUARDED_AVAILABILITY = YES_AGGRESSIVE;
				CLANG_WARN_UNREACHABLE_CODE = YES;
				CLANG_WARN__DUPLICATE_METHOD_MATCH = YES;
				CODE_SIGN_IDENTITY = "iPhone Developer";
				COPY_PHASE_STRIP = NO;
				DEBUG_INFORMATION_FORMAT = "dwarf-with-dsym";
				ENABLE_NS_ASSERTIONS = NO;
				ENABLE_STRICT_OBJC_MSGSEND = YES;
				GCC_C_LANGUAGE_STANDARD = gnu11;
				GCC_NO_COMMON_BLOCKS = YES;
				GCC_WARN_64_TO_32_BIT_CONVERSION = YES;
				GCC_WARN_ABOUT_RETURN_TYPE = YES_ERROR;
				GCC_WARN_UNDECLARED_SELECTOR = YES;
				GCC_WARN_UNINITIALIZED_AUTOS = YES_AGGRESSIVE;
				GCC_WARN_UNUSED_FUNCTION = YES;
				GCC_WARN_UNUSED_VARIABLE = YES;
				IPHONEOS_DEPLOYMENT_TARGET = 12.2;
				MTL_ENABLE_DEBUG_INFO = NO;
				MTL_FAST_MATH = YES;
				SDKROOT = iphoneos;
				SWIFT_COMPILATION_MODE = wholemodule;
				SWIFT_OPTIMIZATION_LEVEL = "-O";
				VALIDATE_PRODUCT = YES;
			};
			name = Release;
		};
		06AEE29422507930008050AF /* Debug */ = {
			isa = XCBuildConfiguration;
			baseConfigurationReference = BD81FC050E069E787B08B552 /* Pods-BottomAlert.debug.xcconfig */;
			buildSettings = {
				ASSETCATALOG_COMPILER_APPICON_NAME = AppIcon;
				CODE_SIGN_STYLE = Automatic;
				DEVELOPMENT_TEAM = 9W8TDKYZ6C;
				INFOPLIST_FILE = BottomAlert/Info.plist;
				IPHONEOS_DEPLOYMENT_TARGET = 11;
				LD_RUNPATH_SEARCH_PATHS = (
					"$(inherited)",
					"@executable_path/Frameworks",
				);
				PRODUCT_BUNDLE_IDENTIFIER = danielvebman.BottomAlert;
				PRODUCT_NAME = "$(TARGET_NAME)";
				SWIFT_VERSION = 5.0;
				TARGETED_DEVICE_FAMILY = "1,2";
			};
			name = Debug;
		};
		06AEE29522507930008050AF /* Release */ = {
			isa = XCBuildConfiguration;
			baseConfigurationReference = 0F663C89F0340BD31399C096 /* Pods-BottomAlert.release.xcconfig */;
			buildSettings = {
				ASSETCATALOG_COMPILER_APPICON_NAME = AppIcon;
				CODE_SIGN_STYLE = Automatic;
				DEVELOPMENT_TEAM = 9W8TDKYZ6C;
				INFOPLIST_FILE = BottomAlert/Info.plist;
				IPHONEOS_DEPLOYMENT_TARGET = 11;
				LD_RUNPATH_SEARCH_PATHS = (
					"$(inherited)",
					"@executable_path/Frameworks",
				);
				PRODUCT_BUNDLE_IDENTIFIER = danielvebman.BottomAlert;
				PRODUCT_NAME = "$(TARGET_NAME)";
				SWIFT_VERSION = 5.0;
				TARGETED_DEVICE_FAMILY = "1,2";
			};
			name = Release;
		};
/* End XCBuildConfiguration section */

/* Begin XCConfigurationList section */
		06AEE27C2250792F008050AF /* Build configuration list for PBXProject "BottomAlert" */ = {
			isa = XCConfigurationList;
			buildConfigurations = (
				06AEE29122507930008050AF /* Debug */,
				06AEE29222507930008050AF /* Release */,
			);
			defaultConfigurationIsVisible = 0;
			defaultConfigurationName = Release;
		};
		06AEE29322507930008050AF /* Build configuration list for PBXNativeTarget "BottomAlert" */ = {
			isa = XCConfigurationList;
			buildConfigurations = (
				06AEE29422507930008050AF /* Debug */,
				06AEE29522507930008050AF /* Release */,
			);
			defaultConfigurationIsVisible = 0;
			defaultConfigurationName = Release;
		};
/* End XCConfigurationList section */
	};
	rootObject = 06AEE2792250792F008050AF /* Project object */;
}
